
Microsoft Visual Studio Solution File, Format Version 12.00
# Visual Studio Version 16
VisualStudioVersion = 25.0.1706.12
MinimumVisualStudioVersion = 10.0.40219.1
Project("{FAE04EC0-301F-11D3-BF4B-00C04F79EFBC}") = "test", "test\test.csproj", "{8DE7E9A9-1FCC-4456-8542-54D9A53D1F1C}"
EndProject
Global
	GlobalSection(SolutionConfigurationPlatforms) = preSolution
		Debug|Any CPU = Debug|Any CPU
		Release|Any CPU = Release|Any CPU
	EndGlobalSection
	GlobalSection(ProjectConfigurationPlatforms) = postSolution
		{8DE7E9A9-1FCC-4456-8542-54D9A53D1F1C}.Debug|Any CPU.ActiveCfg = Debug|Any CPU
		{8DE7E9A9-1FCC-4456-8542-54D9A53D1F1C}.Debug|Any CPU.Build.0 = Debug|Any CPU
		{8DE7E9A9-1FCC-4456-8542-54D9A53D1F1C}.Release|Any CPU.ActiveCfg = Release|Any CPU
		{8DE7E9A9-1FCC-4456-8542-54D9A53D1F1C}.Release|Any CPU.Build.0 = Release|Any CPU
	EndGlobalSection
	GlobalSection(SolutionProperties) = preSolution
		HideSolutionNode = FALSE
	EndGlobalSection
	GlobalSection(ExtensibilityGlobals) = postSolution
		SolutionGuid = {8E6F8881-5DCF-4E47-B4AF-C50C502B4374}
	EndGlobalSection
EndGlobal
